
Microsoft Visual Studio Solution File, Format Version 12.00
# Visual Studio 15
VisualStudioVersion = 15.0.28307.168
MinimumVisualStudioVersion = 10.0.40219.1
Project("{9A19103F-16F7-4668-BE54-9A1E7A4F7556}") = "SistemaFotografa.Presentation", "BrunaArt2\SistemaFotografa.Presentation.csproj", "{0834870A-E62E-4EF4-80DF-670BE0EEE747}"
EndProject
Project("{2150E333-8FDC-42A3-9474-1A3956D46DE8}") = "0 - Presentation", "0 - Presentation", "{7DAB9266-6116-4189-8665-8A5EC55FE6E1}"
EndProject
Project("{2150E333-8FDC-42A3-9474-1A3956D46DE8}") = "1 - Application", "1 - Application", "{9E75B1D6-E357-450E-8286-B19CA27BF40B}"
EndProject
Project("{2150E333-8FDC-42A3-9474-1A3956D46DE8}") = "2 - Domain", "2 - Domain", "{3FAE7F34-A8CD-47FD-85F1-8F19EBB1054B}"
EndProject
Project("{2150E333-8FDC-42A3-9474-1A3956D46DE8}") = "3 - InfraStructure", "3 - InfraStructure", "{9046B12A-0B24-4F0C-B92C-710BF4E8BBFB}"
EndProject
Project("{9A19103F-16F7-4668-BE54-9A1E7A4F7556}") = "SistemaFotografa.DomainModel", "SistemaFotografa.DomainModel\SistemaFotografa.DomainModel.csproj", "{79F75A8E-5480-419D-8D56-AB8207B00224}"
EndProject
Project("{9A19103F-16F7-4668-BE54-9A1E7A4F7556}") = "SistemaFotografa.DomainService", "SistemaFotografa.DomainService\SistemaFotografa.DomainService.csproj", "{DA5F4393-6E7A-4904-8129-18230C131EAF}"
EndProject
Project("{9A19103F-16F7-4668-BE54-9A1E7A4F7556}") = "SistemaFotografa.InfraStructure.DataAccess", "SistemaFotografa.InfraStructure.DataAccess\SistemaFotografa.InfraStructure.DataAccess.csproj", "{F0D1D924-7C05-4799-9595-FF7C754E8460}"
EndProject
Project("{9A19103F-16F7-4668-BE54-9A1E7A4F7556}") = "SistemaFotografa.InfraStructure.AzureStorage", "SistemaFotografa.InfraStructure.AzureStorage\SistemaFotografa.InfraStructure.AzureStorage.csproj", "{842DE186-C4AC-4947-BBDF-E890BEA8E9BA}"
EndProject
Global
	GlobalSection(SolutionConfigurationPlatforms) = preSolution
		Debug|Any CPU = Debug|Any CPU
		Release|Any CPU = Release|Any CPU
	EndGlobalSection
	GlobalSection(ProjectConfigurationPlatforms) = postSolution
		{0834870A-E62E-4EF4-80DF-670BE0EEE747}.Debug|Any CPU.ActiveCfg = Debug|Any CPU
		{0834870A-E62E-4EF4-80DF-670BE0EEE747}.Debug|Any CPU.Build.0 = Debug|Any CPU
		{0834870A-E62E-4EF4-80DF-670BE0EEE747}.Release|Any CPU.ActiveCfg = Release|Any CPU
		{0834870A-E62E-4EF4-80DF-670BE0EEE747}.Release|Any CPU.Build.0 = Release|Any CPU
		{79F75A8E-5480-419D-8D56-AB8207B00224}.Debug|Any CPU.ActiveCfg = Debug|Any CPU
		{79F75A8E-5480-419D-8D56-AB8207B00224}.Debug|Any CPU.Build.0 = Debug|Any CPU
		{79F75A8E-5480-419D-8D56-AB8207B00224}.Release|Any CPU.ActiveCfg = Release|Any CPU
		{79F75A8E-5480-419D-8D56-AB8207B00224}.Release|Any CPU.Build.0 = Release|Any CPU
		{DA5F4393-6E7A-4904-8129-18230C131EAF}.Debug|Any CPU.ActiveCfg = Debug|Any CPU
		{DA5F4393-6E7A-4904-8129-18230C131EAF}.Debug|Any CPU.Build.0 = Debug|Any CPU
		{DA5F4393-6E7A-4904-8129-18230C131EAF}.Release|Any CPU.ActiveCfg = Release|Any CPU
		{DA5F4393-6E7A-4904-8129-18230C131EAF}.Release|Any CPU.Build.0 = Release|Any CPU
		{F0D1D924-7C05-4799-9595-FF7C754E8460}.Debug|Any CPU.ActiveCfg = Debug|Any CPU
		{F0D1D924-7C05-4799-9595-FF7C754E8460}.Debug|Any CPU.Build.0 = Debug|Any CPU
		{F0D1D924-7C05-4799-9595-FF7C754E8460}.Release|Any CPU.ActiveCfg = Release|Any CPU
		{F0D1D924-7C05-4799-9595-FF7C754E8460}.Release|Any CPU.Build.0 = Release|Any CPU
		{842DE186-C4AC-4947-BBDF-E890BEA8E9BA}.Debug|Any CPU.ActiveCfg = Debug|Any CPU
		{842DE186-C4AC-4947-BBDF-E890BEA8E9BA}.Debug|Any CPU.Build.0 = Debug|Any CPU
		{842DE186-C4AC-4947-BBDF-E890BEA8E9BA}.Release|Any CPU.ActiveCfg = Release|Any CPU
		{842DE186-C4AC-4947-BBDF-E890BEA8E9BA}.Release|Any CPU.Build.0 = Release|Any CPU
	EndGlobalSection
	GlobalSection(SolutionProperties) = preSolution
		HideSolutionNode = FALSE
	EndGlobalSection
	GlobalSection(NestedProjects) = preSolution
		{0834870A-E62E-4EF4-80DF-670BE0EEE747} = {7DAB9266-6116-4189-8665-8A5EC55FE6E1}
		{79F75A8E-5480-419D-8D56-AB8207B00224} = {3FAE7F34-A8CD-47FD-85F1-8F19EBB1054B}
		{DA5F4393-6E7A-4904-8129-18230C131EAF} = {3FAE7F34-A8CD-47FD-85F1-8F19EBB1054B}
		{F0D1D924-7C05-4799-9595-FF7C754E8460} = {9046B12A-0B24-4F0C-B92C-710BF4E8BBFB}
		{842DE186-C4AC-4947-BBDF-E890BEA8E9BA} = {9046B12A-0B24-4F0C-B92C-710BF4E8BBFB}
	EndGlobalSection
	GlobalSection(ExtensibilityGlobals) = postSolution
		SolutionGuid = {0E8D7B0C-7030-4935-82F8-218D28454BE9}
	EndGlobalSection
EndGlobal
